
Microsoft Visual Studio Solution File, Format Version 12.00
Project("{FAE04EC0-301F-11D3-BF4B-00C04F79EFBC}") = "__和equals区别", "__和equals区别\__和equals区别.csproj", "{858448FA-F2BE-4183-B9AD-368B39F8AFBC}"
EndProject
Project("{FAE04EC0-301F-11D3-BF4B-00C04F79EFBC}") = "Async_Task和Async_Void", "Async_Task和Async_Void\Async_Task和Async_Void.csproj", "{5D8B3F0B-8110-45A6-82C0-D7D411C61417}"
EndProject
Project("{FAE04EC0-301F-11D3-BF4B-00C04F79EFBC}") = "AsyncVoidDemo", "AsyncVoidDemo\AsyncVoidDemo.csproj", "{5788E66E-A164-44AB-8297-DB05587500C9}"
EndProject
Project("{FAE04EC0-301F-11D3-BF4B-00C04F79EFBC}") = "AwaitDemo", "AwaitDemo\AwaitDemo.csproj", "{BF33146A-73ED-411A-AC39-79B3AC09B676}"
EndProject
Project("{FAE04EC0-301F-11D3-BF4B-00C04F79EFBC}") = "RecordDemo新特性", "RecordDemo新特性\RecordDemo新特性.csproj", "{66FE460D-1D63-4600-B8E3-CD1A5303C41A}"
EndProject
Project("{FAE04EC0-301F-11D3-BF4B-00C04F79EFBC}") = "CancellationTokenSourceDemo", "CancellationTokenSourceDemo\CancellationTokenSourceDemo.csproj", "{E32B8B27-7264-4248-8D01-49C8EF987581}"
EndProject
Project("{FAE04EC0-301F-11D3-BF4B-00C04F79EFBC}") = "CheckedAndUnCheckedDemo", "CheckedAndUnCheckedDemo\CheckedAndUnCheckedDemo.csproj", "{20BC60E4-083A-4E00-8D71-0F9275316CE0}"
EndProject
Project("{FAE04EC0-301F-11D3-BF4B-00C04F79EFBC}") = "const与readonly区别", "const与readonly区别\const与readonly区别.csproj", "{9658594D-4019-4D13-B81D-5B21578E551B}"
EndProject
Project("{FAE04EC0-301F-11D3-BF4B-00C04F79EFBC}") = "DelegateDemo", "DelegateDemo\DelegateDemo.csproj", "{66747D24-834C-4686-AAB2-93C836B6BF38}"
EndProject
Project("{FAE04EC0-301F-11D3-BF4B-00C04F79EFBC}") = "ContinueWithDemo", "ContinueWithDemo\ContinueWithDemo.csproj", "{AA3EFDBC-1740-4195-9AA0-5EEE815A6CC6}"
EndProject
Project("{FAE04EC0-301F-11D3-BF4B-00C04F79EFBC}") = "CMD", "CMD\CMD.csproj", "{9A5E06B9-15E2-489B-AB84-C1BCA46FCAAF}"
EndProject
Global
	GlobalSection(SolutionConfigurationPlatforms) = preSolution
		Debug|Any CPU = Debug|Any CPU
		Release|Any CPU = Release|Any CPU
	EndGlobalSection
	GlobalSection(ProjectConfigurationPlatforms) = postSolution
		{858448FA-F2BE-4183-B9AD-368B39F8AFBC}.Debug|Any CPU.ActiveCfg = Debug|Any CPU
		{858448FA-F2BE-4183-B9AD-368B39F8AFBC}.Debug|Any CPU.Build.0 = Debug|Any CPU
		{858448FA-F2BE-4183-B9AD-368B39F8AFBC}.Release|Any CPU.ActiveCfg = Release|Any CPU
		{858448FA-F2BE-4183-B9AD-368B39F8AFBC}.Release|Any CPU.Build.0 = Release|Any CPU
		{5D8B3F0B-8110-45A6-82C0-D7D411C61417}.Debug|Any CPU.ActiveCfg = Debug|Any CPU
		{5D8B3F0B-8110-45A6-82C0-D7D411C61417}.Debug|Any CPU.Build.0 = Debug|Any CPU
		{5D8B3F0B-8110-45A6-82C0-D7D411C61417}.Release|Any CPU.ActiveCfg = Release|Any CPU
		{5D8B3F0B-8110-45A6-82C0-D7D411C61417}.Release|Any CPU.Build.0 = Release|Any CPU
		{5788E66E-A164-44AB-8297-DB05587500C9}.Debug|Any CPU.ActiveCfg = Debug|Any CPU
		{5788E66E-A164-44AB-8297-DB05587500C9}.Debug|Any CPU.Build.0 = Debug|Any CPU
		{5788E66E-A164-44AB-8297-DB05587500C9}.Release|Any CPU.ActiveCfg = Release|Any CPU
		{5788E66E-A164-44AB-8297-DB05587500C9}.Release|Any CPU.Build.0 = Release|Any CPU
		{BF33146A-73ED-411A-AC39-79B3AC09B676}.Debug|Any CPU.ActiveCfg = Debug|Any CPU
		{BF33146A-73ED-411A-AC39-79B3AC09B676}.Debug|Any CPU.Build.0 = Debug|Any CPU
		{BF33146A-73ED-411A-AC39-79B3AC09B676}.Release|Any CPU.ActiveCfg = Release|Any CPU
		{BF33146A-73ED-411A-AC39-79B3AC09B676}.Release|Any CPU.Build.0 = Release|Any CPU
		{66FE460D-1D63-4600-B8E3-CD1A5303C41A}.Debug|Any CPU.ActiveCfg = Debug|Any CPU
		{66FE460D-1D63-4600-B8E3-CD1A5303C41A}.Debug|Any CPU.Build.0 = Debug|Any CPU
		{66FE460D-1D63-4600-B8E3-CD1A5303C41A}.Release|Any CPU.ActiveCfg = Release|Any CPU
		{66FE460D-1D63-4600-B8E3-CD1A5303C41A}.Release|Any CPU.Build.0 = Release|Any CPU
		{E32B8B27-7264-4248-8D01-49C8EF987581}.Debug|Any CPU.ActiveCfg = Debug|Any CPU
		{E32B8B27-7264-4248-8D01-49C8EF987581}.Debug|Any CPU.Build.0 = Debug|Any CPU
		{E32B8B27-7264-4248-8D01-49C8EF987581}.Release|Any CPU.ActiveCfg = Release|Any CPU
		{E32B8B27-7264-4248-8D01-49C8EF987581}.Release|Any CPU.Build.0 = Release|Any CPU
		{20BC60E4-083A-4E00-8D71-0F9275316CE0}.Debug|Any CPU.ActiveCfg = Debug|Any CPU
		{20BC60E4-083A-4E00-8D71-0F9275316CE0}.Debug|Any CPU.Build.0 = Debug|Any CPU
		{20BC60E4-083A-4E00-8D71-0F9275316CE0}.Release|Any CPU.ActiveCfg = Release|Any CPU
		{20BC60E4-083A-4E00-8D71-0F9275316CE0}.Release|Any CPU.Build.0 = Release|Any CPU
		{9658594D-4019-4D13-B81D-5B21578E551B}.Debug|Any CPU.ActiveCfg = Debug|Any CPU
		{9658594D-4019-4D13-B81D-5B21578E551B}.Debug|Any CPU.Build.0 = Debug|Any CPU
		{9658594D-4019-4D13-B81D-5B21578E551B}.Release|Any CPU.ActiveCfg = Release|Any CPU
		{9658594D-4019-4D13-B81D-5B21578E551B}.Release|Any CPU.Build.0 = Release|Any CPU
		{66747D24-834C-4686-AAB2-93C836B6BF38}.Debug|Any CPU.ActiveCfg = Debug|Any CPU
		{66747D24-834C-4686-AAB2-93C836B6BF38}.Debug|Any CPU.Build.0 = Debug|Any CPU
		{66747D24-834C-4686-AAB2-93C836B6BF38}.Release|Any CPU.ActiveCfg = Release|Any CPU
		{66747D24-834C-4686-AAB2-93C836B6BF38}.Release|Any CPU.Build.0 = Release|Any CPU
		{AA3EFDBC-1740-4195-9AA0-5EEE815A6CC6}.Debug|Any CPU.ActiveCfg = Debug|Any CPU
		{AA3EFDBC-1740-4195-9AA0-5EEE815A6CC6}.Debug|Any CPU.Build.0 = Debug|Any CPU
		{AA3EFDBC-1740-4195-9AA0-5EEE815A6CC6}.Release|Any CPU.ActiveCfg = Release|Any CPU
		{AA3EFDBC-1740-4195-9AA0-5EEE815A6CC6}.Release|Any CPU.Build.0 = Release|Any CPU
		{9A5E06B9-15E2-489B-AB84-C1BCA46FCAAF}.Debug|Any CPU.ActiveCfg = Debug|Any CPU
		{9A5E06B9-15E2-489B-AB84-C1BCA46FCAAF}.Debug|Any CPU.Build.0 = Debug|Any CPU
		{9A5E06B9-15E2-489B-AB84-C1BCA46FCAAF}.Release|Any CPU.ActiveCfg = Release|Any CPU
		{9A5E06B9-15E2-489B-AB84-C1BCA46FCAAF}.Release|Any CPU.Build.0 = Release|Any CPU
	EndGlobalSection
EndGlobal
