
Microsoft Visual Studio Solution File, Format Version 12.00
# Visual Studio Version 17
VisualStudioVersion = 17.4.33205.214
MinimumVisualStudioVersion = 10.0.40219.1
Project("{9A19103F-16F7-4668-BE54-9A1E7A4F7556}") = "__和equals区别", "__和equals区别\__和equals区别.csproj", "{858448FA-F2BE-4183-B9AD-368B39F8AFBC}"
EndProject
Project("{9A19103F-16F7-4668-BE54-9A1E7A4F7556}") = "Async_Task和Async_Void", "Async_Task和Async_Void\Async_Task和Async_Void.csproj", "{5D8B3F0B-8110-45A6-82C0-D7D411C61417}"
EndProject
Project("{9A19103F-16F7-4668-BE54-9A1E7A4F7556}") = "AsyncVoidDemo", "AsyncVoidDemo\AsyncVoidDemo.csproj", "{5788E66E-A164-44AB-8297-DB05587500C9}"
EndProject
Project("{9A19103F-16F7-4668-BE54-9A1E7A4F7556}") = "AwaitDemo", "AwaitDemo\AwaitDemo.csproj", "{BF33146A-73ED-411A-AC39-79B3AC09B676}"
EndProject
Project("{9A19103F-16F7-4668-BE54-9A1E7A4F7556}") = "RecordDemo新特性", "RecordDemo新特性\RecordDemo新特性.csproj", "{66FE460D-1D63-4600-B8E3-CD1A5303C41A}"
EndProject
Project("{9A19103F-16F7-4668-BE54-9A1E7A4F7556}") = "CancellationTokenSourceDemo", "CancellationTokenSourceDemo\CancellationTokenSourceDemo.csproj", "{E32B8B27-7264-4248-8D01-49C8EF987581}"
EndProject
Project("{9A19103F-16F7-4668-BE54-9A1E7A4F7556}") = "CheckedAndUnCheckedDemo", "CheckedAndUnCheckedDemo\CheckedAndUnCheckedDemo.csproj", "{20BC60E4-083A-4E00-8D71-0F9275316CE0}"
EndProject
Project("{9A19103F-16F7-4668-BE54-9A1E7A4F7556}") = "const与readonly区别", "const与readonly区别\const与readonly区别.csproj", "{9658594D-4019-4D13-B81D-5B21578E551B}"
EndProject
Project("{9A19103F-16F7-4668-BE54-9A1E7A4F7556}") = "DelegateDemo", "DelegateDemo\DelegateDemo.csproj", "{66747D24-834C-4686-AAB2-93C836B6BF38}"
EndProject
Project("{9A19103F-16F7-4668-BE54-9A1E7A4F7556}") = "ContinueWithDemo", "ContinueWithDemo\ContinueWithDemo.csproj", "{AA3EFDBC-1740-4195-9AA0-5EEE815A6CC6}"
EndProject
Project("{9A19103F-16F7-4668-BE54-9A1E7A4F7556}") = "CMD", "CMD\CMD.csproj", "{9A5E06B9-15E2-489B-AB84-C1BCA46FCAAF}"
EndProject
Project("{FAE04EC0-301F-11D3-BF4B-00C04F79EFBC}") = "Delegate委托三种声明方式", "Delegate委托三种声明方式\Delegate委托三种声明方式.csproj", "{C2169904-F87B-4604-BC47-E3361276731F}"
EndProject
Project("{FAE04EC0-301F-11D3-BF4B-00C04F79EFBC}") = "多播委托", "多播委托\多播委托.csproj", "{E78CF489-4457-4519-B2CF-8CAC96221D3B}"
EndProject
Project("{FAE04EC0-301F-11D3-BF4B-00C04F79EFBC}") = "委托中的协变和逆变", "委托中的协变和逆变\委托中的协变和逆变.csproj", "{C8EB81B0-C0F0-4636-90E7-E1849F6D9D42}"
EndProject
Project("{FAE04EC0-301F-11D3-BF4B-00C04F79EFBC}") = "EventDemo", "EventDemo\EventDemo.csproj", "{AD0812C8-B1F4-4AF9-8390-915BA6897417}"
EndProject
Project("{FAE04EC0-301F-11D3-BF4B-00C04F79EFBC}") = "DelegateDemo2.0", "DelegateDemo2.0\DelegateDemo2.0.csproj", "{6743378F-2653-4136-B406-5A94DDC33757}"
EndProject
Project("{FAE04EC0-301F-11D3-BF4B-00C04F79EFBC}") = "事件的由来", "事件的由来\事件的由来.csproj", "{8ABBCDCF-5629-46D3-97FB-463BAA012B18}"
EndProject
Project("{FAE04EC0-301F-11D3-BF4B-00C04F79EFBC}") = "事件的限制类型能力", "事件的限制类型能力\事件的限制类型能力.csproj", "{65B882C2-08AC-41CA-97D6-8704E761E149}"
EndProject
Project("{FAE04EC0-301F-11D3-BF4B-00C04F79EFBC}") = "DelegateDemo热水器", "DelegateDemo热水器\DelegateDemo热水器.csproj", "{7E5E5F61-8296-42F8-A4B0-B691DA938985}"
EndProject
Project("{FAE04EC0-301F-11D3-BF4B-00C04F79EFBC}") = "DelegateDemo热水器Observer设计模式", "DelegateDemo热水器Observer设计模式\DelegateDemo热水器Observer设计模式.csproj", "{0A518DC0-4A52-4B14-9738-73FE37F4073A}"
EndProject
Project("{FAE04EC0-301F-11D3-BF4B-00C04F79EFBC}") = "委托和方法的异步调用", "委托和方法的异步调用\委托和方法的异步调用.csproj", "{B493AFD5-F5D6-4485-8C6B-969360172316}"
EndProject
Project("{FAE04EC0-301F-11D3-BF4B-00C04F79EFBC}") = "委托和方法的异步调用New", "委托和方法的异步调用New\委托和方法的异步调用New.csproj", "{B2264DE9-2993-4DA3-B0B4-79712D4EBBF5}"
EndProject
Project("{FAE04EC0-301F-11D3-BF4B-00C04F79EFBC}") = "DONET 框架中的委托与事件", "DONET 框架中的委托与事件\DONET 框架中的委托与事件.csproj", "{F73C3DB3-A1BE-4572-81F7-CD8B3E7D8057}"
EndProject
Global
	GlobalSection(SolutionConfigurationPlatforms) = preSolution
		Debug|Any CPU = Debug|Any CPU
		Release|Any CPU = Release|Any CPU
	EndGlobalSection
	GlobalSection(ProjectConfigurationPlatforms) = postSolution
		{858448FA-F2BE-4183-B9AD-368B39F8AFBC}.Debug|Any CPU.ActiveCfg = Debug|Any CPU
		{858448FA-F2BE-4183-B9AD-368B39F8AFBC}.Debug|Any CPU.Build.0 = Debug|Any CPU
		{858448FA-F2BE-4183-B9AD-368B39F8AFBC}.Release|Any CPU.ActiveCfg = Release|Any CPU
		{858448FA-F2BE-4183-B9AD-368B39F8AFBC}.Release|Any CPU.Build.0 = Release|Any CPU
		{5D8B3F0B-8110-45A6-82C0-D7D411C61417}.Debug|Any CPU.ActiveCfg = Debug|Any CPU
		{5D8B3F0B-8110-45A6-82C0-D7D411C61417}.Debug|Any CPU.Build.0 = Debug|Any CPU
		{5D8B3F0B-8110-45A6-82C0-D7D411C61417}.Release|Any CPU.ActiveCfg = Release|Any CPU
		{5D8B3F0B-8110-45A6-82C0-D7D411C61417}.Release|Any CPU.Build.0 = Release|Any CPU
		{5788E66E-A164-44AB-8297-DB05587500C9}.Debug|Any CPU.ActiveCfg = Debug|Any CPU
		{5788E66E-A164-44AB-8297-DB05587500C9}.Debug|Any CPU.Build.0 = Debug|Any CPU
		{5788E66E-A164-44AB-8297-DB05587500C9}.Release|Any CPU.ActiveCfg = Release|Any CPU
		{5788E66E-A164-44AB-8297-DB05587500C9}.Release|Any CPU.Build.0 = Release|Any CPU
		{BF33146A-73ED-411A-AC39-79B3AC09B676}.Debug|Any CPU.ActiveCfg = Debug|Any CPU
		{BF33146A-73ED-411A-AC39-79B3AC09B676}.Debug|Any CPU.Build.0 = Debug|Any CPU
		{BF33146A-73ED-411A-AC39-79B3AC09B676}.Release|Any CPU.ActiveCfg = Release|Any CPU
		{BF33146A-73ED-411A-AC39-79B3AC09B676}.Release|Any CPU.Build.0 = Release|Any CPU
		{66FE460D-1D63-4600-B8E3-CD1A5303C41A}.Debug|Any CPU.ActiveCfg = Debug|Any CPU
		{66FE460D-1D63-4600-B8E3-CD1A5303C41A}.Debug|Any CPU.Build.0 = Debug|Any CPU
		{66FE460D-1D63-4600-B8E3-CD1A5303C41A}.Release|Any CPU.ActiveCfg = Release|Any CPU
		{66FE460D-1D63-4600-B8E3-CD1A5303C41A}.Release|Any CPU.Build.0 = Release|Any CPU
		{E32B8B27-7264-4248-8D01-49C8EF987581}.Debug|Any CPU.ActiveCfg = Debug|Any CPU
		{E32B8B27-7264-4248-8D01-49C8EF987581}.Debug|Any CPU.Build.0 = Debug|Any CPU
		{E32B8B27-7264-4248-8D01-49C8EF987581}.Release|Any CPU.ActiveCfg = Release|Any CPU
		{E32B8B27-7264-4248-8D01-49C8EF987581}.Release|Any CPU.Build.0 = Release|Any CPU
		{20BC60E4-083A-4E00-8D71-0F9275316CE0}.Debug|Any CPU.ActiveCfg = Debug|Any CPU
		{20BC60E4-083A-4E00-8D71-0F9275316CE0}.Debug|Any CPU.Build.0 = Debug|Any CPU
		{20BC60E4-083A-4E00-8D71-0F9275316CE0}.Release|Any CPU.ActiveCfg = Release|Any CPU
		{20BC60E4-083A-4E00-8D71-0F9275316CE0}.Release|Any CPU.Build.0 = Release|Any CPU
		{9658594D-4019-4D13-B81D-5B21578E551B}.Debug|Any CPU.ActiveCfg = Debug|Any CPU
		{9658594D-4019-4D13-B81D-5B21578E551B}.Debug|Any CPU.Build.0 = Debug|Any CPU
		{9658594D-4019-4D13-B81D-5B21578E551B}.Release|Any CPU.ActiveCfg = Release|Any CPU
		{9658594D-4019-4D13-B81D-5B21578E551B}.Release|Any CPU.Build.0 = Release|Any CPU
		{66747D24-834C-4686-AAB2-93C836B6BF38}.Debug|Any CPU.ActiveCfg = Debug|Any CPU
		{66747D24-834C-4686-AAB2-93C836B6BF38}.Debug|Any CPU.Build.0 = Debug|Any CPU
		{66747D24-834C-4686-AAB2-93C836B6BF38}.Release|Any CPU.ActiveCfg = Release|Any CPU
		{66747D24-834C-4686-AAB2-93C836B6BF38}.Release|Any CPU.Build.0 = Release|Any CPU
		{AA3EFDBC-1740-4195-9AA0-5EEE815A6CC6}.Debug|Any CPU.ActiveCfg = Debug|Any CPU
		{AA3EFDBC-1740-4195-9AA0-5EEE815A6CC6}.Debug|Any CPU.Build.0 = Debug|Any CPU
		{AA3EFDBC-1740-4195-9AA0-5EEE815A6CC6}.Release|Any CPU.ActiveCfg = Release|Any CPU
		{AA3EFDBC-1740-4195-9AA0-5EEE815A6CC6}.Release|Any CPU.Build.0 = Release|Any CPU
		{9A5E06B9-15E2-489B-AB84-C1BCA46FCAAF}.Debug|Any CPU.ActiveCfg = Debug|Any CPU
		{9A5E06B9-15E2-489B-AB84-C1BCA46FCAAF}.Debug|Any CPU.Build.0 = Debug|Any CPU
		{9A5E06B9-15E2-489B-AB84-C1BCA46FCAAF}.Release|Any CPU.ActiveCfg = Release|Any CPU
		{9A5E06B9-15E2-489B-AB84-C1BCA46FCAAF}.Release|Any CPU.Build.0 = Release|Any CPU
		{C2169904-F87B-4604-BC47-E3361276731F}.Debug|Any CPU.ActiveCfg = Debug|Any CPU
		{C2169904-F87B-4604-BC47-E3361276731F}.Debug|Any CPU.Build.0 = Debug|Any CPU
		{C2169904-F87B-4604-BC47-E3361276731F}.Release|Any CPU.ActiveCfg = Release|Any CPU
		{C2169904-F87B-4604-BC47-E3361276731F}.Release|Any CPU.Build.0 = Release|Any CPU
		{E78CF489-4457-4519-B2CF-8CAC96221D3B}.Debug|Any CPU.ActiveCfg = Debug|Any CPU
		{E78CF489-4457-4519-B2CF-8CAC96221D3B}.Debug|Any CPU.Build.0 = Debug|Any CPU
		{E78CF489-4457-4519-B2CF-8CAC96221D3B}.Release|Any CPU.ActiveCfg = Release|Any CPU
		{E78CF489-4457-4519-B2CF-8CAC96221D3B}.Release|Any CPU.Build.0 = Release|Any CPU
		{C8EB81B0-C0F0-4636-90E7-E1849F6D9D42}.Debug|Any CPU.ActiveCfg = Debug|Any CPU
		{C8EB81B0-C0F0-4636-90E7-E1849F6D9D42}.Debug|Any CPU.Build.0 = Debug|Any CPU
		{C8EB81B0-C0F0-4636-90E7-E1849F6D9D42}.Release|Any CPU.ActiveCfg = Release|Any CPU
		{C8EB81B0-C0F0-4636-90E7-E1849F6D9D42}.Release|Any CPU.Build.0 = Release|Any CPU
		{AD0812C8-B1F4-4AF9-8390-915BA6897417}.Debug|Any CPU.ActiveCfg = Debug|Any CPU
		{AD0812C8-B1F4-4AF9-8390-915BA6897417}.Debug|Any CPU.Build.0 = Debug|Any CPU
		{AD0812C8-B1F4-4AF9-8390-915BA6897417}.Release|Any CPU.ActiveCfg = Release|Any CPU
		{AD0812C8-B1F4-4AF9-8390-915BA6897417}.Release|Any CPU.Build.0 = Release|Any CPU
		{6743378F-2653-4136-B406-5A94DDC33757}.Debug|Any CPU.ActiveCfg = Debug|Any CPU
		{6743378F-2653-4136-B406-5A94DDC33757}.Debug|Any CPU.Build.0 = Debug|Any CPU
		{6743378F-2653-4136-B406-5A94DDC33757}.Release|Any CPU.ActiveCfg = Release|Any CPU
		{6743378F-2653-4136-B406-5A94DDC33757}.Release|Any CPU.Build.0 = Release|Any CPU
		{8ABBCDCF-5629-46D3-97FB-463BAA012B18}.Debug|Any CPU.ActiveCfg = Debug|Any CPU
		{8ABBCDCF-5629-46D3-97FB-463BAA012B18}.Debug|Any CPU.Build.0 = Debug|Any CPU
		{8ABBCDCF-5629-46D3-97FB-463BAA012B18}.Release|Any CPU.ActiveCfg = Release|Any CPU
		{8ABBCDCF-5629-46D3-97FB-463BAA012B18}.Release|Any CPU.Build.0 = Release|Any CPU
		{65B882C2-08AC-41CA-97D6-8704E761E149}.Debug|Any CPU.ActiveCfg = Debug|Any CPU
		{65B882C2-08AC-41CA-97D6-8704E761E149}.Debug|Any CPU.Build.0 = Debug|Any CPU
		{65B882C2-08AC-41CA-97D6-8704E761E149}.Release|Any CPU.ActiveCfg = Release|Any CPU
		{65B882C2-08AC-41CA-97D6-8704E761E149}.Release|Any CPU.Build.0 = Release|Any CPU
		{7E5E5F61-8296-42F8-A4B0-B691DA938985}.Debug|Any CPU.ActiveCfg = Debug|Any CPU
		{7E5E5F61-8296-42F8-A4B0-B691DA938985}.Debug|Any CPU.Build.0 = Debug|Any CPU
		{7E5E5F61-8296-42F8-A4B0-B691DA938985}.Release|Any CPU.ActiveCfg = Release|Any CPU
		{7E5E5F61-8296-42F8-A4B0-B691DA938985}.Release|Any CPU.Build.0 = Release|Any CPU
		{0A518DC0-4A52-4B14-9738-73FE37F4073A}.Debug|Any CPU.ActiveCfg = Debug|Any CPU
		{0A518DC0-4A52-4B14-9738-73FE37F4073A}.Debug|Any CPU.Build.0 = Debug|Any CPU
		{0A518DC0-4A52-4B14-9738-73FE37F4073A}.Release|Any CPU.ActiveCfg = Release|Any CPU
		{0A518DC0-4A52-4B14-9738-73FE37F4073A}.Release|Any CPU.Build.0 = Release|Any CPU
		{B493AFD5-F5D6-4485-8C6B-969360172316}.Debug|Any CPU.ActiveCfg = Debug|Any CPU
		{B493AFD5-F5D6-4485-8C6B-969360172316}.Debug|Any CPU.Build.0 = Debug|Any CPU
		{B493AFD5-F5D6-4485-8C6B-969360172316}.Release|Any CPU.ActiveCfg = Release|Any CPU
		{B493AFD5-F5D6-4485-8C6B-969360172316}.Release|Any CPU.Build.0 = Release|Any CPU
		{B2264DE9-2993-4DA3-B0B4-79712D4EBBF5}.Debug|Any CPU.ActiveCfg = Debug|Any CPU
		{B2264DE9-2993-4DA3-B0B4-79712D4EBBF5}.Debug|Any CPU.Build.0 = Debug|Any CPU
		{B2264DE9-2993-4DA3-B0B4-79712D4EBBF5}.Release|Any CPU.ActiveCfg = Release|Any CPU
		{B2264DE9-2993-4DA3-B0B4-79712D4EBBF5}.Release|Any CPU.Build.0 = Release|Any CPU
		{F73C3DB3-A1BE-4572-81F7-CD8B3E7D8057}.Debug|Any CPU.ActiveCfg = Debug|Any CPU
		{F73C3DB3-A1BE-4572-81F7-CD8B3E7D8057}.Debug|Any CPU.Build.0 = Debug|Any CPU
		{F73C3DB3-A1BE-4572-81F7-CD8B3E7D8057}.Release|Any CPU.ActiveCfg = Release|Any CPU
		{F73C3DB3-A1BE-4572-81F7-CD8B3E7D8057}.Release|Any CPU.Build.0 = Release|Any CPU
	EndGlobalSection
	GlobalSection(SolutionProperties) = preSolution
		HideSolutionNode = FALSE
	EndGlobalSection
	GlobalSection(ExtensibilityGlobals) = postSolution
		SolutionGuid = {143DE89C-A8B3-4420-A328-534798C834B1}
	EndGlobalSection
EndGlobal
